
Microsoft Visual Studio Solution File, Format Version 12.00
# Visual Studio Version 17
VisualStudioVersion = 17.13.35818.85 d17.13
MinimumVisualStudioVersion = 10.0.40219.1
Project("{FAE04EC0-301F-11D3-BF4B-00C04F79EFBC}") = "Polymorphism-MethodOverloading", "Polymorphism-MethodOverloading.csproj", "{5CC16FFF-A885-4FE0-8402-91AEB667143C}"
EndProject
Global
	GlobalSection(SolutionConfigurationPlatforms) = preSolution
		Debug|Any CPU = Debug|Any CPU
		Release|Any CPU = Release|Any CPU
	EndGlobalSection
	GlobalSection(ProjectConfigurationPlatforms) = postSolution
		{5CC16FFF-A885-4FE0-8402-91AEB667143C}.Debug|Any CPU.ActiveCfg = Debug|Any CPU
		{5CC16FFF-A885-4FE0-8402-91AEB667143C}.Debug|Any CPU.Build.0 = Debug|Any CPU
		{5CC16FFF-A885-4FE0-8402-91AEB667143C}.Release|Any CPU.ActiveCfg = Release|Any CPU
		{5CC16FFF-A885-4FE0-8402-91AEB667143C}.Release|Any CPU.Build.0 = Release|Any CPU
	EndGlobalSection
	GlobalSection(SolutionProperties) = preSolution
		HideSolutionNode = FALSE
	EndGlobalSection
	GlobalSection(ExtensibilityGlobals) = postSolution
		SolutionGuid = {2C167AD9-5841-444F-9613-9D2519160A05}
	EndGlobalSection
EndGlobal
